
Microsoft Visual Studio Solution File, Format Version 12.00
# Visual Studio 15
VisualStudioVersion = 15.0.27004.2002
MinimumVisualStudioVersion = 10.0.40219.1
Project("{9A19103F-16F7-4668-BE54-9A1E7A4F7556}") = "03-Greedy-Times-03092017", "03-Greedy-Times-03092017\03-Greedy-Times-03092017.csproj", "{7CD2124E-17DB-47C4-B9AD-4AD66A666403}"
EndProject
Project("{9A19103F-16F7-4668-BE54-9A1E7A4F7556}") = "01-Regex-25062017", "01-Regex-25062017\01-Regex-25062017.csproj", "{0B5CD0BB-F948-4315-B907-C0902FD96D6C}"
EndProject
Project("{9A19103F-16F7-4668-BE54-9A1E7A4F7556}") = "04-Hospital-25062017", "04-Hospital-25062017\04-Hospital-25062017.csproj", "{AE236E3C-6F3A-47BB-8C14-093F70E3637A}"
EndProject
Project("{9A19103F-16F7-4668-BE54-9A1E7A4F7556}") = "04-Treasure-Map-03092017", "04-Treasure-Map-03092017\04-Treasure-Map-03092017.csproj", "{EC307F7D-FD37-40E4-8B9B-33ADC6F1DDB0}"
EndProject
Project("{9A19103F-16F7-4668-BE54-9A1E7A4F7556}") = "02-Knight-Game-25062017", "02-Knight-Game-25062017\02-Knight-Game-25062017.csproj", "{09FC1100-BF0A-48F6-9BB0-CFA6F9891649}"
EndProject
Project("{9A19103F-16F7-4668-BE54-9A1E7A4F7556}") = "01-Dangerous-Floor-03092017", "01-Dangerous-Floor-03092017\01-Dangerous-Floor-03092017.csproj", "{9543703D-C05E-4FE4-9C98-0F3461029389}"
EndProject
Project("{9A19103F-16F7-4668-BE54-9A1E7A4F7556}") = "02-Crypto-Master-09092017", "02-Crypto-Master-09092017\02-Crypto-Master-09092017.csproj", "{EEB52958-FFE5-4664-B61A-A77331DBC032}"
EndProject
Project("{9A19103F-16F7-4668-BE54-9A1E7A4F7556}") = "03-Number-Wars-25062017", "03-Number-Wars-25062017\03-Number-Wars-25062017.csproj", "{11796F35-AC35-42C4-864E-8BC5A2BA10C3}"
EndProject
Project("{9A19103F-16F7-4668-BE54-9A1E7A4F7556}") = "01-Jedi-Meditation-13062016", "01-Jedi-Meditation-13062016\01-Jedi-Meditation-13062016.csproj", "{51117CFE-83C7-45EE-8E33-A6D7D75A9D60}"
EndProject
Project("{9A19103F-16F7-4668-BE54-9A1E7A4F7556}") = "02-Jedi-Galaxy-13062016", "02-Jedi-Galaxy-13062016\02-Jedi-Galaxy-13062016.csproj", "{59ECCE7D-E1AC-4CEB-933B-E9BFDCD9D629}"
EndProject
Project("{FAE04EC0-301F-11D3-BF4B-00C04F79EFBC}") = "03-Jedi-Code-X-13062016", "03-Jedi-Code-X-13062016\03-Jedi-Code-X-13062016.csproj", "{6620C4DB-1DEE-4BE8-A046-B7CD89D87625}"
EndProject
Project("{FAE04EC0-301F-11D3-BF4B-00C04F79EFBC}") = "04-Jedi-Dreams-13062016", "04-Jedi-Dreams-13062016\04-Jedi-Dreams-13062016.csproj", "{2397505C-7C69-433B-A05E-606FBA79DE76}"
EndProject
Global
	GlobalSection(SolutionConfigurationPlatforms) = preSolution
		Debug|Any CPU = Debug|Any CPU
		Release|Any CPU = Release|Any CPU
	EndGlobalSection
	GlobalSection(ProjectConfigurationPlatforms) = postSolution
		{7CD2124E-17DB-47C4-B9AD-4AD66A666403}.Debug|Any CPU.ActiveCfg = Debug|Any CPU
		{7CD2124E-17DB-47C4-B9AD-4AD66A666403}.Debug|Any CPU.Build.0 = Debug|Any CPU
		{7CD2124E-17DB-47C4-B9AD-4AD66A666403}.Release|Any CPU.ActiveCfg = Release|Any CPU
		{7CD2124E-17DB-47C4-B9AD-4AD66A666403}.Release|Any CPU.Build.0 = Release|Any CPU
		{0B5CD0BB-F948-4315-B907-C0902FD96D6C}.Debug|Any CPU.ActiveCfg = Debug|Any CPU
		{0B5CD0BB-F948-4315-B907-C0902FD96D6C}.Debug|Any CPU.Build.0 = Debug|Any CPU
		{0B5CD0BB-F948-4315-B907-C0902FD96D6C}.Release|Any CPU.ActiveCfg = Release|Any CPU
		{0B5CD0BB-F948-4315-B907-C0902FD96D6C}.Release|Any CPU.Build.0 = Release|Any CPU
		{AE236E3C-6F3A-47BB-8C14-093F70E3637A}.Debug|Any CPU.ActiveCfg = Debug|Any CPU
		{AE236E3C-6F3A-47BB-8C14-093F70E3637A}.Debug|Any CPU.Build.0 = Debug|Any CPU
		{AE236E3C-6F3A-47BB-8C14-093F70E3637A}.Release|Any CPU.ActiveCfg = Release|Any CPU
		{AE236E3C-6F3A-47BB-8C14-093F70E3637A}.Release|Any CPU.Build.0 = Release|Any CPU
		{EC307F7D-FD37-40E4-8B9B-33ADC6F1DDB0}.Debug|Any CPU.ActiveCfg = Debug|Any CPU
		{EC307F7D-FD37-40E4-8B9B-33ADC6F1DDB0}.Debug|Any CPU.Build.0 = Debug|Any CPU
		{EC307F7D-FD37-40E4-8B9B-33ADC6F1DDB0}.Release|Any CPU.ActiveCfg = Release|Any CPU
		{EC307F7D-FD37-40E4-8B9B-33ADC6F1DDB0}.Release|Any CPU.Build.0 = Release|Any CPU
		{09FC1100-BF0A-48F6-9BB0-CFA6F9891649}.Debug|Any CPU.ActiveCfg = Debug|Any CPU
		{09FC1100-BF0A-48F6-9BB0-CFA6F9891649}.Debug|Any CPU.Build.0 = Debug|Any CPU
		{09FC1100-BF0A-48F6-9BB0-CFA6F9891649}.Release|Any CPU.ActiveCfg = Release|Any CPU
		{09FC1100-BF0A-48F6-9BB0-CFA6F9891649}.Release|Any CPU.Build.0 = Release|Any CPU
		{9543703D-C05E-4FE4-9C98-0F3461029389}.Debug|Any CPU.ActiveCfg = Debug|Any CPU
		{9543703D-C05E-4FE4-9C98-0F3461029389}.Debug|Any CPU.Build.0 = Debug|Any CPU
		{9543703D-C05E-4FE4-9C98-0F3461029389}.Release|Any CPU.ActiveCfg = Release|Any CPU
		{9543703D-C05E-4FE4-9C98-0F3461029389}.Release|Any CPU.Build.0 = Release|Any CPU
		{EEB52958-FFE5-4664-B61A-A77331DBC032}.Debug|Any CPU.ActiveCfg = Debug|Any CPU
		{EEB52958-FFE5-4664-B61A-A77331DBC032}.Debug|Any CPU.Build.0 = Debug|Any CPU
		{EEB52958-FFE5-4664-B61A-A77331DBC032}.Release|Any CPU.ActiveCfg = Release|Any CPU
		{EEB52958-FFE5-4664-B61A-A77331DBC032}.Release|Any CPU.Build.0 = Release|Any CPU
		{11796F35-AC35-42C4-864E-8BC5A2BA10C3}.Debug|Any CPU.ActiveCfg = Debug|Any CPU
		{11796F35-AC35-42C4-864E-8BC5A2BA10C3}.Debug|Any CPU.Build.0 = Debug|Any CPU
		{11796F35-AC35-42C4-864E-8BC5A2BA10C3}.Release|Any CPU.ActiveCfg = Release|Any CPU
		{11796F35-AC35-42C4-864E-8BC5A2BA10C3}.Release|Any CPU.Build.0 = Release|Any CPU
		{51117CFE-83C7-45EE-8E33-A6D7D75A9D60}.Debug|Any CPU.ActiveCfg = Debug|Any CPU
		{51117CFE-83C7-45EE-8E33-A6D7D75A9D60}.Debug|Any CPU.Build.0 = Debug|Any CPU
		{51117CFE-83C7-45EE-8E33-A6D7D75A9D60}.Release|Any CPU.ActiveCfg = Release|Any CPU
		{51117CFE-83C7-45EE-8E33-A6D7D75A9D60}.Release|Any CPU.Build.0 = Release|Any CPU
		{59ECCE7D-E1AC-4CEB-933B-E9BFDCD9D629}.Debug|Any CPU.ActiveCfg = Debug|Any CPU
		{59ECCE7D-E1AC-4CEB-933B-E9BFDCD9D629}.Debug|Any CPU.Build.0 = Debug|Any CPU
		{59ECCE7D-E1AC-4CEB-933B-E9BFDCD9D629}.Release|Any CPU.ActiveCfg = Release|Any CPU
		{59ECCE7D-E1AC-4CEB-933B-E9BFDCD9D629}.Release|Any CPU.Build.0 = Release|Any CPU
		{6620C4DB-1DEE-4BE8-A046-B7CD89D87625}.Debug|Any CPU.ActiveCfg = Debug|Any CPU
		{6620C4DB-1DEE-4BE8-A046-B7CD89D87625}.Debug|Any CPU.Build.0 = Debug|Any CPU
		{6620C4DB-1DEE-4BE8-A046-B7CD89D87625}.Release|Any CPU.ActiveCfg = Release|Any CPU
		{6620C4DB-1DEE-4BE8-A046-B7CD89D87625}.Release|Any CPU.Build.0 = Release|Any CPU
		{2397505C-7C69-433B-A05E-606FBA79DE76}.Debug|Any CPU.ActiveCfg = Debug|Any CPU
		{2397505C-7C69-433B-A05E-606FBA79DE76}.Debug|Any CPU.Build.0 = Debug|Any CPU
		{2397505C-7C69-433B-A05E-606FBA79DE76}.Release|Any CPU.ActiveCfg = Release|Any CPU
		{2397505C-7C69-433B-A05E-606FBA79DE76}.Release|Any CPU.Build.0 = Release|Any CPU
	EndGlobalSection
	GlobalSection(SolutionProperties) = preSolution
		HideSolutionNode = FALSE
	EndGlobalSection
	GlobalSection(ExtensibilityGlobals) = postSolution
		SolutionGuid = {360E44A8-B0DA-4CDE-A2EB-D0F097740817}
	EndGlobalSection
EndGlobal
