
Microsoft Visual Studio Solution File, Format Version 12.00
# Visual Studio 15
VisualStudioVersion = 15.0.27004.2002
MinimumVisualStudioVersion = 10.0.40219.1
Project("{FAE04EC0-301F-11D3-BF4B-00C04F79EFBC}") = "0201-Sum-Matrix-Elements", "0201-Sum-Matrix-Elements\0201-Sum-Matrix-Elements.csproj", "{A562A1C8-400E-4D77-9860-F67D1BE0AC27}"
EndProject
Project("{FAE04EC0-301F-11D3-BF4B-00C04F79EFBC}") = "0202-Square-With-Maximum-Sum", "0202-Square-With-Maximum-Sum\0202-Square-With-Maximum-Sum.csproj", "{26B223FC-6599-4888-9114-04D546892EBC}"
EndProject
Project("{FAE04EC0-301F-11D3-BF4B-00C04F79EFBC}") = "0203-Group-Numbers", "0203-Group-Numbers\0203-Group-Numbers.csproj", "{50864FC4-D952-44DE-B184-281F2CABCE9D}"
EndProject
Project("{FAE04EC0-301F-11D3-BF4B-00C04F79EFBC}") = "0204-Pascal-Triangle", "0204-Pascal-Triangle\0204-Pascal-Triangle.csproj", "{4517E0CA-4513-4939-BF22-1E6D52155C55}"
EndProject
Global
	GlobalSection(SolutionConfigurationPlatforms) = preSolution
		Debug|Any CPU = Debug|Any CPU
		Release|Any CPU = Release|Any CPU
	EndGlobalSection
	GlobalSection(ProjectConfigurationPlatforms) = postSolution
		{A562A1C8-400E-4D77-9860-F67D1BE0AC27}.Debug|Any CPU.ActiveCfg = Debug|Any CPU
		{A562A1C8-400E-4D77-9860-F67D1BE0AC27}.Debug|Any CPU.Build.0 = Debug|Any CPU
		{A562A1C8-400E-4D77-9860-F67D1BE0AC27}.Release|Any CPU.ActiveCfg = Release|Any CPU
		{A562A1C8-400E-4D77-9860-F67D1BE0AC27}.Release|Any CPU.Build.0 = Release|Any CPU
		{26B223FC-6599-4888-9114-04D546892EBC}.Debug|Any CPU.ActiveCfg = Debug|Any CPU
		{26B223FC-6599-4888-9114-04D546892EBC}.Debug|Any CPU.Build.0 = Debug|Any CPU
		{26B223FC-6599-4888-9114-04D546892EBC}.Release|Any CPU.ActiveCfg = Release|Any CPU
		{26B223FC-6599-4888-9114-04D546892EBC}.Release|Any CPU.Build.0 = Release|Any CPU
		{50864FC4-D952-44DE-B184-281F2CABCE9D}.Debug|Any CPU.ActiveCfg = Debug|Any CPU
		{50864FC4-D952-44DE-B184-281F2CABCE9D}.Debug|Any CPU.Build.0 = Debug|Any CPU
		{50864FC4-D952-44DE-B184-281F2CABCE9D}.Release|Any CPU.ActiveCfg = Release|Any CPU
		{50864FC4-D952-44DE-B184-281F2CABCE9D}.Release|Any CPU.Build.0 = Release|Any CPU
		{4517E0CA-4513-4939-BF22-1E6D52155C55}.Debug|Any CPU.ActiveCfg = Debug|Any CPU
		{4517E0CA-4513-4939-BF22-1E6D52155C55}.Debug|Any CPU.Build.0 = Debug|Any CPU
		{4517E0CA-4513-4939-BF22-1E6D52155C55}.Release|Any CPU.ActiveCfg = Release|Any CPU
		{4517E0CA-4513-4939-BF22-1E6D52155C55}.Release|Any CPU.Build.0 = Release|Any CPU
	EndGlobalSection
	GlobalSection(SolutionProperties) = preSolution
		HideSolutionNode = FALSE
	EndGlobalSection
	GlobalSection(ExtensibilityGlobals) = postSolution
		SolutionGuid = {F02A6419-17C8-49A5-ACDF-DD442D64574E}
	EndGlobalSection
EndGlobal
